// !$*UTF8*$!
{
	archiveVersion = 1;
	classes = {
	};
	objectVersion = 56;
	objects = {

/* Begin PBXBuildFile section */
		A70000000000000000000011 /* CaptureAISettings.swift in Sources */ = {isa = PBXBuildFile; fileRef = A70000000000000000000010 /* CaptureAISettings.swift */; };
		A60000000000000000000013 /* CaptureAIClient.swift in Sources */ = {isa = PBXBuildFile; fileRef = A60000000000000000000012 /* CaptureAIClient.swift */; };
		A60000000000000000000015 /* CaptureAISettingsView.swift in Sources */ = {isa = PBXBuildFile; fileRef = A60000000000000000000014 /* CaptureAISettingsView.swift */; };
		A60000000000000000000017 /* AIModels.json in Resources */ = {isa = PBXBuildFile; fileRef = A60000000000000000000016 /* AIModels.json */; };
		A60000000000000000000019 /* CaptureAITests.swift in Sources */ = {isa = PBXBuildFile; fileRef = A60000000000000000000018 /* CaptureAITests.swift */; };
		A10000000000000000000020 /* HowMuchApp.swift in Sources */ = {isa = PBXBuildFile; fileRef = A10000000000000000000010 /* HowMuchApp.swift */; };
		A10000000000000000000021 /* AppModel.swift in Sources */ = {isa = PBXBuildFile; fileRef = A10000000000000000000011 /* AppModel.swift */; };
		A10000000000000000000022 /* APIModels.swift in Sources */ = {isa = PBXBuildFile; fileRef = A10000000000000000000012 /* APIModels.swift */; };
		A100000000000000000000A1 /* RefreshPlan.swift in Sources */ = {isa = PBXBuildFile; fileRef = A100000000000000000000A0 /* RefreshPlan.swift */; };
		A100000000000000000000B1 /* ReferenceSnapshot.swift in Sources */ = {isa = PBXBuildFile; fileRef = A100000000000000000000B0 /* ReferenceSnapshot.swift */; };
		A10000000000000000000025 /* AccountGroups.swift in Sources */ = {isa = PBXBuildFile; fileRef = A10000000000000000000015 /* AccountGroups.swift */; };
		A10000000000000000000026 /* AccountIcon.swift in Sources */ = {isa = PBXBuildFile; fileRef = A10000000000000000000016 /* AccountIcon.swift */; };
		A10000000000000000000023 /* APIClient.swift in Sources */ = {isa = PBXBuildFile; fileRef = A10000000000000000000013 /* APIClient.swift */; };
		A10000000000000000000024 /* Formatting.swift in Sources */ = {isa = PBXBuildFile; fileRef = A10000000000000000000014 /* Formatting.swift */; };
		A10000000000000000000027 /* RegisterHorizon.swift in Sources */ = {isa = PBXBuildFile; fileRef = A10000000000000000000017 /* RegisterHorizon.swift */; };
		A1000000000000000000002C /* RegisterCurrent.swift in Sources */ = {isa = PBXBuildFile; fileRef = A1000000000000000000001C /* RegisterCurrent.swift */; };
		A1000000000000000000002D /* RegisterQuery.swift in Sources */ = {isa = PBXBuildFile; fileRef = A1000000000000000000001D /* RegisterQuery.swift */; };
		A10000000000000000000060 /* Components.swift in Sources */ = {isa = PBXBuildFile; fileRef = A10000000000000000000070 /* Components.swift */; };
		A1000000000000000000006A /* Confirm.swift in Sources */ = {isa = PBXBuildFile; fileRef = A1000000000000000000007A /* Confirm.swift */; };
		A1000000000000000000006B /* AccountIconPicker.swift in Sources */ = {isa = PBXBuildFile; fileRef = A1000000000000000000007B /* AccountIconPicker.swift */; };
		A1000000000000000000006C /* NewAccountSheet.swift in Sources */ = {isa = PBXBuildFile; fileRef = A1000000000000000000007C /* NewAccountSheet.swift */; };
		A1000000000000000000006D /* AccountIdentityFields.swift in Sources */ = {isa = PBXBuildFile; fileRef = A1000000000000000000007D /* AccountIdentityFields.swift */; };
		A1000000000000000000006E /* EditAccountSheet.swift in Sources */ = {isa = PBXBuildFile; fileRef = A1000000000000000000007E /* EditAccountSheet.swift */; };
		A10000000000000000000061 /* AccountsView.swift in Sources */ = {isa = PBXBuildFile; fileRef = A10000000000000000000071 /* AccountsView.swift */; };
		A10000000000000000000062 /* RegisterView.swift in Sources */ = {isa = PBXBuildFile; fileRef = A10000000000000000000072 /* RegisterView.swift */; };
		A10000000000000000000063 /* TransactionFormView.swift in Sources */ = {isa = PBXBuildFile; fileRef = A10000000000000000000073 /* TransactionFormView.swift */; };
		A10000000000000000000064 /* Pickers.swift in Sources */ = {isa = PBXBuildFile; fileRef = A10000000000000000000074 /* Pickers.swift */; };
		A10000000000000000000065 /* ReflectView.swift in Sources */ = {isa = PBXBuildFile; fileRef = A10000000000000000000075 /* ReflectView.swift */; };
		A10000000000000000000066 /* ReflectDetails.swift in Sources */ = {isa = PBXBuildFile; fileRef = A10000000000000000000076 /* ReflectDetails.swift */; };
		A10000000000000000000067 /* CategoriesView.swift in Sources */ = {isa = PBXBuildFile; fileRef = A10000000000000000000077 /* CategoriesView.swift */; };
		A50000000000000000000011 /* RewardsView.swift in Sources */ = {isa = PBXBuildFile; fileRef = A50000000000000000000010 /* RewardsView.swift */; };
		A50000000000000000000013 /* RewardsImportView.swift in Sources */ = {isa = PBXBuildFile; fileRef = A50000000000000000000012 /* RewardsImportView.swift */; };
		A50000000000000000000015 /* RewardCardEditorView.swift in Sources */ = {isa = PBXBuildFile; fileRef = A50000000000000000000014 /* RewardCardEditorView.swift */; };
		A50000000000000000000021 /* RewardsReportTests.swift in Sources */ = {isa = PBXBuildFile; fileRef = A50000000000000000000020 /* RewardsReportTests.swift */; };
		A50000000000000000000023 /* RewardCardEditorTests.swift in Sources */ = {isa = PBXBuildFile; fileRef = A50000000000000000000022 /* RewardCardEditorTests.swift */; };
		A50000000000000000000025 /* RewardDraftPeriodTests.swift in Sources */ = {isa = PBXBuildFile; fileRef = A50000000000000000000024 /* RewardDraftPeriodTests.swift */; };
		A60000000000000000000011 /* IPadLayoutTests.swift in Sources */ = {isa = PBXBuildFile; fileRef = A60000000000000000000010 /* IPadLayoutTests.swift */; };
		A10000000000000000000068 /* ScheduledTransactionsView.swift in Sources */ = {isa = PBXBuildFile; fileRef = A10000000000000000000078 /* ScheduledTransactionsView.swift */; };
		A10000000000000000000069 /* ScheduledTransactionEditorView.swift in Sources */ = {isa = PBXBuildFile; fileRef = A10000000000000000000079 /* ScheduledTransactionEditorView.swift */; };
		A10000000000000000000028 /* SettingsView.swift in Sources */ = {isa = PBXBuildFile; fileRef = A10000000000000000000018 /* SettingsView.swift */; };
		A10000000000000000000029 /* Theme.swift in Sources */ = {isa = PBXBuildFile; fileRef = A10000000000000000000019 /* Theme.swift */; };
		A50000000000000000000031 /* RewardRowProjection.swift in Sources */ = {isa = PBXBuildFile; fileRef = A50000000000000000000030 /* RewardRowProjection.swift */; };
		A50000000000000000000033 /* RewardDraftPeriod.swift in Sources */ = {isa = PBXBuildFile; fileRef = A50000000000000000000032 /* RewardDraftPeriod.swift */; };
		A1000000000000000000002A /* Assets.xcassets in Resources */ = {isa = PBXBuildFile; fileRef = A1000000000000000000001A /* Assets.xcassets */; };
		A10000000000000000000092 /* EmojiKit in Frameworks */ = {isa = PBXBuildFile; productRef = A10000000000000000000091 /* EmojiKit */; };
		A20000000000000000000011 /* CaptureRequest.swift in Sources */ = {isa = PBXBuildFile; fileRef = A20000000000000000000010 /* CaptureRequest.swift */; };
		A20000000000000000000013 /* CaptureRouter.swift in Sources */ = {isa = PBXBuildFile; fileRef = A20000000000000000000012 /* CaptureRouter.swift */; };
		A20000000000000000000041 /* SlipReader.swift in Sources */ = {isa = PBXBuildFile; fileRef = A20000000000000000000040 /* SlipReader.swift */; };
		A20000000000000000000021 /* CaptureRequestTests.swift in Sources */ = {isa = PBXBuildFile; fileRef = A20000000000000000000020 /* CaptureRequestTests.swift */; };
		A20000000000000000000031 /* IntentCatalog.swift in Sources */ = {isa = PBXBuildFile; fileRef = A20000000000000000000030 /* IntentCatalog.swift */; };
		A20000000000000000000034 /* IntentCatalogTests.swift in Sources */ = {isa = PBXBuildFile; fileRef = A20000000000000000000033 /* IntentCatalogTests.swift */; };
		A20000000000000000000043 /* SlipReaderMappingTests.swift in Sources */ = {isa = PBXBuildFile; fileRef = A20000000000000000000042 /* SlipReaderMappingTests.swift */; };
		A20000000000000000000051 /* AccountEntity.swift in Sources */ = {isa = PBXBuildFile; fileRef = A20000000000000000000050 /* AccountEntity.swift */; };
		A20000000000000000000053 /* PayeeEntity.swift in Sources */ = {isa = PBXBuildFile; fileRef = A20000000000000000000052 /* PayeeEntity.swift */; };
		A20000000000000000000055 /* CategoryEntity.swift in Sources */ = {isa = PBXBuildFile; fileRef = A20000000000000000000054 /* CategoryEntity.swift */; };
		A20000000000000000000057 /* AddTransactionIntent.swift in Sources */ = {isa = PBXBuildFile; fileRef = A20000000000000000000056 /* AddTransactionIntent.swift */; };
		A20000000000000000000059 /* AppShortcuts.swift in Sources */ = {isa = PBXBuildFile; fileRef = A20000000000000000000058 /* AppShortcuts.swift */; };
		A20000000000000000000099 /* AddFromTextIntent.swift in Sources */ = {isa = PBXBuildFile; fileRef = A20000000000000000000098 /* AddFromTextIntent.swift */; };
		A2000000000000000000009B /* AddFromImageIntent.swift in Sources */ = {isa = PBXBuildFile; fileRef = A2000000000000000000009A /* AddFromImageIntent.swift */; };
		A2000000000000000000009D /* AddFromInboxIntentTests.swift in Sources */ = {isa = PBXBuildFile; fileRef = A2000000000000000000009C /* AddFromInboxIntentTests.swift */; };
		A2000000000000000000005B /* AddTransactionIntentTests.swift in Sources */ = {isa = PBXBuildFile; fileRef = A2000000000000000000005A /* AddTransactionIntentTests.swift */; };
		A20000000000000000000083 /* CommitManyTests.swift in Sources */ = {isa = PBXBuildFile; fileRef = A20000000000000000000082 /* CommitManyTests.swift */; };
		A20000000000000000000091 /* InboxStore.swift in Sources */ = {isa = PBXBuildFile; fileRef = A20000000000000000000090 /* InboxStore.swift */; };
		A20000000000000000000093 /* InboxStoreTests.swift in Sources */ = {isa = PBXBuildFile; fileRef = A20000000000000000000092 /* InboxStoreTests.swift */; };
		A20000000000000000000095 /* InboxReadingView.swift in Sources */ = {isa = PBXBuildFile; fileRef = A20000000000000000000094 /* InboxReadingView.swift */; };
		A20000000000000000000097 /* IntelligenceAura.swift in Sources */ = {isa = PBXBuildFile; fileRef = A20000000000000000000096 /* IntelligenceAura.swift */; };
		A200000000000000000000A1 /* ScreenshotOffer.swift in Sources */ = {isa = PBXBuildFile; fileRef = A200000000000000000000A0 /* ScreenshotOffer.swift */; };
		A200000000000000000000A3 /* ScreenshotOfferTests.swift in Sources */ = {isa = PBXBuildFile; fileRef = A200000000000000000000A2 /* ScreenshotOfferTests.swift */; };
		A200000000000000000000B1 /* RegisterSnapshotTests.swift in Sources */ = {isa = PBXBuildFile; fileRef = A200000000000000000000B0 /* RegisterSnapshotTests.swift */; };
		A40000000000000000000011 /* CaptureOrigin.swift in Sources */ = {isa = PBXBuildFile; fileRef = A40000000000000000000010 /* CaptureOrigin.swift */; };
		A40000000000000000000013 /* CaptureSession.swift in Sources */ = {isa = PBXBuildFile; fileRef = A40000000000000000000012 /* CaptureSession.swift */; };
		A40000000000000000000015 /* CaptureWorkspace.swift in Sources */ = {isa = PBXBuildFile; fileRef = A40000000000000000000014 /* CaptureWorkspace.swift */; };
		A40000000000000000000017 /* CaptureInterpreter.swift in Sources */ = {isa = PBXBuildFile; fileRef = A40000000000000000000016 /* CaptureInterpreter.swift */; };
		A40000000000000000000019 /* LedgerQuery.swift in Sources */ = {isa = PBXBuildFile; fileRef = A40000000000000000000018 /* LedgerQuery.swift */; };
		A40000000000000000000021 /* AddTransactionsView.swift in Sources */ = {isa = PBXBuildFile; fileRef = A40000000000000000000020 /* AddTransactionsView.swift */; };
		A40000000000000000000023 /* AssistantView.swift in Sources */ = {isa = PBXBuildFile; fileRef = A40000000000000000000022 /* AssistantView.swift */; };
		A40000000000000000000025 /* CaptureConversationViews.swift in Sources */ = {isa = PBXBuildFile; fileRef = A40000000000000000000024 /* CaptureConversationViews.swift */; };
		A80000000000000000000011 /* CaptureAssistantPresence.swift in Sources */ = {isa = PBXBuildFile; fileRef = A80000000000000000000010 /* CaptureAssistantPresence.swift */; };
		A80000000000000000000013 /* CaptureAssistantPresenceTests.swift in Sources */ = {isa = PBXBuildFile; fileRef = A80000000000000000000012 /* CaptureAssistantPresenceTests.swift */; };
		A4000000000000000000003D /* CaptureConversationTests.swift in Sources */ = {isa = PBXBuildFile; fileRef = A4000000000000000000003C /* CaptureConversationTests.swift */; };
		A40000000000000000000031 /* CaptureOriginTests.swift in Sources */ = {isa = PBXBuildFile; fileRef = A40000000000000000000030 /* CaptureOriginTests.swift */; };
		A40000000000000000000033 /* CaptureSessionTests.swift in Sources */ = {isa = PBXBuildFile; fileRef = A40000000000000000000032 /* CaptureSessionTests.swift */; };
		A40000000000000000000035 /* CaptureInterpreterTests.swift in Sources */ = {isa = PBXBuildFile; fileRef = A40000000000000000000034 /* CaptureInterpreterTests.swift */; };
		A40000000000000000000037 /* LedgerQueryTests.swift in Sources */ = {isa = PBXBuildFile; fileRef = A40000000000000000000036 /* LedgerQueryTests.swift */; };
		A40000000000000000000039 /* CaptureWorkspaceTests.swift in Sources */ = {isa = PBXBuildFile; fileRef = A40000000000000000000038 /* CaptureWorkspaceTests.swift */; };
		A4000000000000000000003B /* CaptureSnapshotTests.swift in Sources */ = {isa = PBXBuildFile; fileRef = A4000000000000000000003A /* CaptureSnapshotTests.swift */; };
		A200000000000000000000B3 /* RegisterQueryTests.swift in Sources */ = {isa = PBXBuildFile; fileRef = A200000000000000000000B2 /* RegisterQueryTests.swift */; };
		A200000000000000000000C1 /* RegisterApproval.swift in Sources */ = {isa = PBXBuildFile; fileRef = A200000000000000000000C0 /* RegisterApproval.swift */; };
		A200000000000000000000C3 /* RegisterApprovalTests.swift in Sources */ = {isa = PBXBuildFile; fileRef = A200000000000000000000C2 /* RegisterApprovalTests.swift */; };
		A200000000000000000000C5 /* APISettingsTests.swift in Sources */ = {isa = PBXBuildFile; fileRef = A200000000000000000000C4 /* APISettingsTests.swift */; };
		A200000000000000000000D1 /* LaunchRefreshTests.swift in Sources */ = {isa = PBXBuildFile; fileRef = A200000000000000000000D0 /* LaunchRefreshTests.swift */; };
		A200000000000000000000E1 /* NarrowRefreshTests.swift in Sources */ = {isa = PBXBuildFile; fileRef = A200000000000000000000E0 /* NarrowRefreshTests.swift */; };
		A200000000000000000000E3 /* RefreshPlanTests.swift in Sources */ = {isa = PBXBuildFile; fileRef = A200000000000000000000E2 /* RefreshPlanTests.swift */; };
		A200000000000000000000F1 /* ReferenceSnapshotTests.swift in Sources */ = {isa = PBXBuildFile; fileRef = A200000000000000000000F0 /* ReferenceSnapshotTests.swift */; };
		A200000000000000000000F3 /* SplitMirrorDeleteTests.swift in Sources */ = {isa = PBXBuildFile; fileRef = A200000000000000000000F2 /* SplitMirrorDeleteTests.swift */; };
		A200000000000000000000F5 /* AccountGroupOrderTests.swift in Sources */ = {isa = PBXBuildFile; fileRef = A200000000000000000000F4 /* AccountGroupOrderTests.swift */; };
		A30000000000000000000003 /* ShareViewController.swift in Sources */ = {isa = PBXBuildFile; fileRef = A30000000000000000000002 /* ShareViewController.swift */; };
		A30000000000000000000006 /* InboxStore.swift in Sources */ = {isa = PBXBuildFile; fileRef = A20000000000000000000090 /* InboxStore.swift */; };
		A3000000000000000000000B /* HowMuchShare.appex in Embed App Extensions */ = {isa = PBXBuildFile; fileRef = A30000000000000000000001 /* HowMuchShare.appex */; settings = {ATTRIBUTES = (RemoveHeadersOnCopy, ); }; };
/* End PBXBuildFile section */

/* Begin PBXFileReference section */
		A70000000000000000000010 /* CaptureAISettings.swift */ = {isa = PBXFileReference; lastKnownFileType = sourcecode.swift; path = CaptureAISettings.swift; sourceTree = "<group>"; };
		A60000000000000000000012 /* CaptureAIClient.swift */ = {isa = PBXFileReference; lastKnownFileType = sourcecode.swift; path = CaptureAIClient.swift; sourceTree = "<group>"; };
		A60000000000000000000014 /* CaptureAISettingsView.swift */ = {isa = PBXFileReference; lastKnownFileType = sourcecode.swift; path = CaptureAISettingsView.swift; sourceTree = "<group>"; };
		A60000000000000000000016 /* AIModels.json */ = {isa = PBXFileReference; lastKnownFileType = text.json; path = AIModels.json; sourceTree = "<group>"; };
		A60000000000000000000018 /* CaptureAITests.swift */ = {isa = PBXFileReference; lastKnownFileType = sourcecode.swift; path = CaptureAITests.swift; sourceTree = "<group>"; };
		A10000000000000000000001 /* HowMuch.app */ = {isa = PBXFileReference; explicitFileType = wrapper.application; includeInIndex = 0; path = HowMuch.app; sourceTree = BUILT_PRODUCTS_DIR; };
		A20000000000000000000022 /* HowMuchTests.xctest */ = {isa = PBXFileReference; explicitFileType = wrapper.cfbundle; includeInIndex = 0; path = HowMuchTests.xctest; sourceTree = BUILT_PRODUCTS_DIR; };
		A20000000000000000000010 /* CaptureRequest.swift */ = {isa = PBXFileReference; lastKnownFileType = sourcecode.swift; path = CaptureRequest.swift; sourceTree = "<group>"; };
		A20000000000000000000012 /* CaptureRouter.swift */ = {isa = PBXFileReference; lastKnownFileType = sourcecode.swift; path = CaptureRouter.swift; sourceTree = "<group>"; };
		A20000000000000000000040 /* SlipReader.swift */ = {isa = PBXFileReference; lastKnownFileType = sourcecode.swift; path = SlipReader.swift; sourceTree = "<group>"; };
		A20000000000000000000042 /* SlipReaderMappingTests.swift */ = {isa = PBXFileReference; lastKnownFileType = sourcecode.swift; path = SlipReaderMappingTests.swift; sourceTree = "<group>"; };
		A20000000000000000000020 /* CaptureRequestTests.swift */ = {isa = PBXFileReference; lastKnownFileType = sourcecode.swift; path = CaptureRequestTests.swift; sourceTree = "<group>"; };
		A20000000000000000000030 /* IntentCatalog.swift */ = {isa = PBXFileReference; lastKnownFileType = sourcecode.swift; path = IntentCatalog.swift; sourceTree = "<group>"; };
		A20000000000000000000033 /* IntentCatalogTests.swift */ = {isa = PBXFileReference; lastKnownFileType = sourcecode.swift; path = IntentCatalogTests.swift; sourceTree = "<group>"; };
		A20000000000000000000050 /* AccountEntity.swift */ = {isa = PBXFileReference; lastKnownFileType = sourcecode.swift; path = AccountEntity.swift; sourceTree = "<group>"; };
		A20000000000000000000052 /* PayeeEntity.swift */ = {isa = PBXFileReference; lastKnownFileType = sourcecode.swift; path = PayeeEntity.swift; sourceTree = "<group>"; };
		A20000000000000000000054 /* CategoryEntity.swift */ = {isa = PBXFileReference; lastKnownFileType = sourcecode.swift; path = CategoryEntity.swift; sourceTree = "<group>"; };
		A20000000000000000000056 /* AddTransactionIntent.swift */ = {isa = PBXFileReference; lastKnownFileType = sourcecode.swift; path = AddTransactionIntent.swift; sourceTree = "<group>"; };
		A20000000000000000000058 /* AppShortcuts.swift */ = {isa = PBXFileReference; lastKnownFileType = sourcecode.swift; path = AppShortcuts.swift; sourceTree = "<group>"; };
		A20000000000000000000098 /* AddFromTextIntent.swift */ = {isa = PBXFileReference; lastKnownFileType = sourcecode.swift; path = AddFromTextIntent.swift; sourceTree = "<group>"; };
		A2000000000000000000009A /* AddFromImageIntent.swift */ = {isa = PBXFileReference; lastKnownFileType = sourcecode.swift; path = AddFromImageIntent.swift; sourceTree = "<group>"; };
		A2000000000000000000009C /* AddFromInboxIntentTests.swift */ = {isa = PBXFileReference; lastKnownFileType = sourcecode.swift; path = AddFromInboxIntentTests.swift; sourceTree = "<group>"; };
		A2000000000000000000005A /* AddTransactionIntentTests.swift */ = {isa = PBXFileReference; lastKnownFileType = sourcecode.swift; path = AddTransactionIntentTests.swift; sourceTree = "<group>"; };
		A20000000000000000000082 /* CommitManyTests.swift */ = {isa = PBXFileReference; lastKnownFileType = sourcecode.swift; path = CommitManyTests.swift; sourceTree = "<group>"; };
		A20000000000000000000090 /* InboxStore.swift */ = {isa = PBXFileReference; lastKnownFileType = sourcecode.swift; path = InboxStore.swift; sourceTree = "<group>"; };
		A20000000000000000000092 /* InboxStoreTests.swift */ = {isa = PBXFileReference; lastKnownFileType = sourcecode.swift; path = InboxStoreTests.swift; sourceTree = "<group>"; };
		A20000000000000000000094 /* InboxReadingView.swift */ = {isa = PBXFileReference; lastKnownFileType = sourcecode.swift; path = InboxReadingView.swift; sourceTree = "<group>"; };
		A20000000000000000000096 /* IntelligenceAura.swift */ = {isa = PBXFileReference; lastKnownFileType = sourcecode.swift; path = IntelligenceAura.swift; sourceTree = "<group>"; };
		A200000000000000000000A0 /* ScreenshotOffer.swift */ = {isa = PBXFileReference; lastKnownFileType = sourcecode.swift; path = ScreenshotOffer.swift; sourceTree = "<group>"; };
		A200000000000000000000A2 /* ScreenshotOfferTests.swift */ = {isa = PBXFileReference; lastKnownFileType = sourcecode.swift; path = ScreenshotOfferTests.swift; sourceTree = "<group>"; };
		A200000000000000000000B0 /* RegisterSnapshotTests.swift */ = {isa = PBXFileReference; lastKnownFileType = sourcecode.swift; path = RegisterSnapshotTests.swift; sourceTree = "<group>"; };
		A40000000000000000000010 /* CaptureOrigin.swift */ = {isa = PBXFileReference; lastKnownFileType = sourcecode.swift; path = CaptureOrigin.swift; sourceTree = "<group>"; };
		A40000000000000000000012 /* CaptureSession.swift */ = {isa = PBXFileReference; lastKnownFileType = sourcecode.swift; path = CaptureSession.swift; sourceTree = "<group>"; };
		A40000000000000000000014 /* CaptureWorkspace.swift */ = {isa = PBXFileReference; lastKnownFileType = sourcecode.swift; path = CaptureWorkspace.swift; sourceTree = "<group>"; };
		A40000000000000000000016 /* CaptureInterpreter.swift */ = {isa = PBXFileReference; lastKnownFileType = sourcecode.swift; path = CaptureInterpreter.swift; sourceTree = "<group>"; };
		A40000000000000000000018 /* LedgerQuery.swift */ = {isa = PBXFileReference; lastKnownFileType = sourcecode.swift; path = LedgerQuery.swift; sourceTree = "<group>"; };
		A40000000000000000000020 /* AddTransactionsView.swift */ = {isa = PBXFileReference; lastKnownFileType = sourcecode.swift; path = AddTransactionsView.swift; sourceTree = "<group>"; };
		A40000000000000000000022 /* AssistantView.swift */ = {isa = PBXFileReference; lastKnownFileType = sourcecode.swift; path = AssistantView.swift; sourceTree = "<group>"; };
		A40000000000000000000024 /* CaptureConversationViews.swift */ = {isa = PBXFileReference; lastKnownFileType = sourcecode.swift; path = CaptureConversationViews.swift; sourceTree = "<group>"; };
		A80000000000000000000010 /* CaptureAssistantPresence.swift */ = {isa = PBXFileReference; lastKnownFileType = sourcecode.swift; path = CaptureAssistantPresence.swift; sourceTree = "<group>"; };
		A80000000000000000000012 /* CaptureAssistantPresenceTests.swift */ = {isa = PBXFileReference; lastKnownFileType = sourcecode.swift; path = CaptureAssistantPresenceTests.swift; sourceTree = "<group>"; };
		A4000000000000000000003C /* CaptureConversationTests.swift */ = {isa = PBXFileReference; lastKnownFileType = sourcecode.swift; path = CaptureConversationTests.swift; sourceTree = "<group>"; };
		A40000000000000000000030 /* CaptureOriginTests.swift */ = {isa = PBXFileReference; lastKnownFileType = sourcecode.swift; path = CaptureOriginTests.swift; sourceTree = "<group>"; };
		A40000000000000000000032 /* CaptureSessionTests.swift */ = {isa = PBXFileReference; lastKnownFileType = sourcecode.swift; path = CaptureSessionTests.swift; sourceTree = "<group>"; };
		A40000000000000000000034 /* CaptureInterpreterTests.swift */ = {isa = PBXFileReference; lastKnownFileType = sourcecode.swift; path = CaptureInterpreterTests.swift; sourceTree = "<group>"; };
		A40000000000000000000036 /* LedgerQueryTests.swift */ = {isa = PBXFileReference; lastKnownFileType = sourcecode.swift; path = LedgerQueryTests.swift; sourceTree = "<group>"; };
		A40000000000000000000038 /* CaptureWorkspaceTests.swift */ = {isa = PBXFileReference; lastKnownFileType = sourcecode.swift; path = CaptureWorkspaceTests.swift; sourceTree = "<group>"; };
		A4000000000000000000003A /* CaptureSnapshotTests.swift */ = {isa = PBXFileReference; lastKnownFileType = sourcecode.swift; path = CaptureSnapshotTests.swift; sourceTree = "<group>"; };
		A200000000000000000000B2 /* RegisterQueryTests.swift */ = {isa = PBXFileReference; lastKnownFileType = sourcecode.swift; path = RegisterQueryTests.swift; sourceTree = "<group>"; };
		A200000000000000000000C0 /* RegisterApproval.swift */ = {isa = PBXFileReference; lastKnownFileType = sourcecode.swift; path = RegisterApproval.swift; sourceTree = "<group>"; };
		A200000000000000000000C2 /* RegisterApprovalTests.swift */ = {isa = PBXFileReference; lastKnownFileType = sourcecode.swift; path = RegisterApprovalTests.swift; sourceTree = "<group>"; };
		A200000000000000000000C4 /* APISettingsTests.swift */ = {isa = PBXFileReference; lastKnownFileType = sourcecode.swift; path = APISettingsTests.swift; sourceTree = "<group>"; };
		A200000000000000000000D0 /* LaunchRefreshTests.swift */ = {isa = PBXFileReference; lastKnownFileType = sourcecode.swift; path = LaunchRefreshTests.swift; sourceTree = "<group>"; };
		A200000000000000000000E0 /* NarrowRefreshTests.swift */ = {isa = PBXFileReference; lastKnownFileType = sourcecode.swift; path = NarrowRefreshTests.swift; sourceTree = "<group>"; };
		A200000000000000000000E2 /* RefreshPlanTests.swift */ = {isa = PBXFileReference; lastKnownFileType = sourcecode.swift; path = RefreshPlanTests.swift; sourceTree = "<group>"; };
		A200000000000000000000F0 /* ReferenceSnapshotTests.swift */ = {isa = PBXFileReference; lastKnownFileType = sourcecode.swift; path = ReferenceSnapshotTests.swift; sourceTree = "<group>"; };
		A200000000000000000000F2 /* SplitMirrorDeleteTests.swift */ = {isa = PBXFileReference; lastKnownFileType = sourcecode.swift; path = SplitMirrorDeleteTests.swift; sourceTree = "<group>"; };
		A200000000000000000000F4 /* AccountGroupOrderTests.swift */ = {isa = PBXFileReference; lastKnownFileType = sourcecode.swift; path = AccountGroupOrderTests.swift; sourceTree = "<group>"; };
		A50000000000000000000020 /* RewardsReportTests.swift */ = {isa = PBXFileReference; lastKnownFileType = sourcecode.swift; path = RewardsReportTests.swift; sourceTree = "<group>"; };
		A50000000000000000000022 /* RewardCardEditorTests.swift */ = {isa = PBXFileReference; lastKnownFileType = sourcecode.swift; path = RewardCardEditorTests.swift; sourceTree = "<group>"; };
		A50000000000000000000024 /* RewardDraftPeriodTests.swift */ = {isa = PBXFileReference; lastKnownFileType = sourcecode.swift; path = RewardDraftPeriodTests.swift; sourceTree = "<group>"; };
		A60000000000000000000010 /* IPadLayoutTests.swift */ = {isa = PBXFileReference; lastKnownFileType = sourcecode.swift; path = IPadLayoutTests.swift; sourceTree = "<group>"; };
		A30000000000000000000001 /* HowMuchShare.appex */ = {isa = PBXFileReference; explicitFileType = "wrapper.app-extension"; includeInIndex = 0; path = HowMuchShare.appex; sourceTree = BUILT_PRODUCTS_DIR; };
		A30000000000000000000002 /* ShareViewController.swift */ = {isa = PBXFileReference; lastKnownFileType = sourcecode.swift; path = ShareViewController.swift; sourceTree = "<group>"; };
		A30000000000000000000004 /* Info.plist */ = {isa = PBXFileReference; lastKnownFileType = text.plist.xml; path = Info.plist; sourceTree = "<group>"; };
		A30000000000000000000005 /* HowMuchShare.entitlements */ = {isa = PBXFileReference; lastKnownFileType = text.plist.entitlements; path = HowMuchShare.entitlements; sourceTree = "<group>"; };
		A10000000000000000000010 /* HowMuchApp.swift */ = {isa = PBXFileReference; lastKnownFileType = sourcecode.swift; path = HowMuchApp.swift; sourceTree = "<group>"; };
		A10000000000000000000011 /* AppModel.swift */ = {isa = PBXFileReference; lastKnownFileType = sourcecode.swift; path = AppModel.swift; sourceTree = "<group>"; };
		A10000000000000000000012 /* APIModels.swift */ = {isa = PBXFileReference; lastKnownFileType = sourcecode.swift; path = APIModels.swift; sourceTree = "<group>"; };
		A100000000000000000000A0 /* RefreshPlan.swift */ = {isa = PBXFileReference; lastKnownFileType = sourcecode.swift; path = RefreshPlan.swift; sourceTree = "<group>"; };
		A100000000000000000000B0 /* ReferenceSnapshot.swift */ = {isa = PBXFileReference; lastKnownFileType = sourcecode.swift; path = ReferenceSnapshot.swift; sourceTree = "<group>"; };
		A10000000000000000000015 /* AccountGroups.swift */ = {isa = PBXFileReference; lastKnownFileType = sourcecode.swift; path = AccountGroups.swift; sourceTree = "<group>"; };
		A10000000000000000000016 /* AccountIcon.swift */ = {isa = PBXFileReference; lastKnownFileType = sourcecode.swift; path = AccountIcon.swift; sourceTree = "<group>"; };
		A10000000000000000000013 /* APIClient.swift */ = {isa = PBXFileReference; lastKnownFileType = sourcecode.swift; path = APIClient.swift; sourceTree = "<group>"; };
		A10000000000000000000014 /* Formatting.swift */ = {isa = PBXFileReference; lastKnownFileType = sourcecode.swift; path = Formatting.swift; sourceTree = "<group>"; };
		A10000000000000000000017 /* RegisterHorizon.swift */ = {isa = PBXFileReference; lastKnownFileType = sourcecode.swift; path = RegisterHorizon.swift; sourceTree = "<group>"; };
		A1000000000000000000001C /* RegisterCurrent.swift */ = {isa = PBXFileReference; lastKnownFileType = sourcecode.swift; path = RegisterCurrent.swift; sourceTree = "<group>"; };
		A1000000000000000000001D /* RegisterQuery.swift */ = {isa = PBXFileReference; lastKnownFileType = sourcecode.swift; path = RegisterQuery.swift; sourceTree = "<group>"; };
		A10000000000000000000070 /* Components.swift */ = {isa = PBXFileReference; lastKnownFileType = sourcecode.swift; path = Components.swift; sourceTree = "<group>"; };
		A1000000000000000000007A /* Confirm.swift */ = {isa = PBXFileReference; lastKnownFileType = sourcecode.swift; path = Confirm.swift; sourceTree = "<group>"; };
		A1000000000000000000007B /* AccountIconPicker.swift */ = {isa = PBXFileReference; lastKnownFileType = sourcecode.swift; path = AccountIconPicker.swift; sourceTree = "<group>"; };
		A1000000000000000000007C /* NewAccountSheet.swift */ = {isa = PBXFileReference; lastKnownFileType = sourcecode.swift; path = NewAccountSheet.swift; sourceTree = "<group>"; };
		A1000000000000000000007D /* AccountIdentityFields.swift */ = {isa = PBXFileReference; lastKnownFileType = sourcecode.swift; path = AccountIdentityFields.swift; sourceTree = "<group>"; };
		A1000000000000000000007E /* EditAccountSheet.swift */ = {isa = PBXFileReference; lastKnownFileType = sourcecode.swift; path = EditAccountSheet.swift; sourceTree = "<group>"; };
		A10000000000000000000071 /* AccountsView.swift */ = {isa = PBXFileReference; lastKnownFileType = sourcecode.swift; path = AccountsView.swift; sourceTree = "<group>"; };
		A10000000000000000000072 /* RegisterView.swift */ = {isa = PBXFileReference; lastKnownFileType = sourcecode.swift; path = RegisterView.swift; sourceTree = "<group>"; };
		A10000000000000000000073 /* TransactionFormView.swift */ = {isa = PBXFileReference; lastKnownFileType = sourcecode.swift; path = TransactionFormView.swift; sourceTree = "<group>"; };
		A10000000000000000000074 /* Pickers.swift */ = {isa = PBXFileReference; lastKnownFileType = sourcecode.swift; path = Pickers.swift; sourceTree = "<group>"; };
		A10000000000000000000075 /* ReflectView.swift */ = {isa = PBXFileReference; lastKnownFileType = sourcecode.swift; path = ReflectView.swift; sourceTree = "<group>"; };
		A10000000000000000000076 /* ReflectDetails.swift */ = {isa = PBXFileReference; lastKnownFileType = sourcecode.swift; path = ReflectDetails.swift; sourceTree = "<group>"; };
		A10000000000000000000077 /* CategoriesView.swift */ = {isa = PBXFileReference; lastKnownFileType = sourcecode.swift; path = CategoriesView.swift; sourceTree = "<group>"; };
		A50000000000000000000010 /* RewardsView.swift */ = {isa = PBXFileReference; lastKnownFileType = sourcecode.swift; path = RewardsView.swift; sourceTree = "<group>"; };
		A50000000000000000000012 /* RewardsImportView.swift */ = {isa = PBXFileReference; lastKnownFileType = sourcecode.swift; path = RewardsImportView.swift; sourceTree = "<group>"; };
		A50000000000000000000014 /* RewardCardEditorView.swift */ = {isa = PBXFileReference; lastKnownFileType = sourcecode.swift; path = RewardCardEditorView.swift; sourceTree = "<group>"; };
		A10000000000000000000078 /* ScheduledTransactionsView.swift */ = {isa = PBXFileReference; lastKnownFileType = sourcecode.swift; path = ScheduledTransactionsView.swift; sourceTree = "<group>"; };
		A10000000000000000000079 /* ScheduledTransactionEditorView.swift */ = {isa = PBXFileReference; lastKnownFileType = sourcecode.swift; path = ScheduledTransactionEditorView.swift; sourceTree = "<group>"; };
		A10000000000000000000018 /* SettingsView.swift */ = {isa = PBXFileReference; lastKnownFileType = sourcecode.swift; path = SettingsView.swift; sourceTree = "<group>"; };
		A10000000000000000000019 /* Theme.swift */ = {isa = PBXFileReference; lastKnownFileType = sourcecode.swift; path = Theme.swift; sourceTree = "<group>"; };
		A50000000000000000000030 /* RewardRowProjection.swift */ = {isa = PBXFileReference; lastKnownFileType = sourcecode.swift; path = RewardRowProjection.swift; sourceTree = "<group>"; };
		A50000000000000000000032 /* RewardDraftPeriod.swift */ = {isa = PBXFileReference; lastKnownFileType = sourcecode.swift; path = RewardDraftPeriod.swift; sourceTree = "<group>"; };
		A1000000000000000000001A /* Assets.xcassets */ = {isa = PBXFileReference; lastKnownFileType = folder.assetcatalog; path = Assets.xcassets; sourceTree = "<group>"; };
		A1000000000000000000001B /* Info.plist */ = {isa = PBXFileReference; lastKnownFileType = text.plist.xml; path = Info.plist; sourceTree = "<group>"; };
/* End PBXFileReference section */

/* Begin PBXContainerItemProxy section */
		A20000000000000000000029 /* PBXContainerItemProxy */ = {
			isa = PBXContainerItemProxy;
			containerPortal = A1000000000000000000000A /* Project object */;
			proxyType = 1;
			remoteGlobalIDString = A10000000000000000000009;
			remoteInfo = HowMuch;
		};
		A30000000000000000000008 /* PBXContainerItemProxy */ = {
			isa = PBXContainerItemProxy;
			containerPortal = A1000000000000000000000A /* Project object */;
			proxyType = 1;
			remoteGlobalIDString = A30000000000000000000007;
			remoteInfo = HowMuchShare;
		};
/* End PBXContainerItemProxy section */

/* Begin PBXCopyFilesBuildPhase section */
		A3000000000000000000000A /* Embed App Extensions */ = {
			isa = PBXCopyFilesBuildPhase;
			buildActionMask = 2147483647;
			dstPath = "";
			dstSubfolderSpec = 13;
			files = (
				A3000000000000000000000B /* HowMuchShare.appex in Embed App Extensions */,
			);
			name = "Embed App Extensions";
			runOnlyForDeploymentPostprocessing = 0;
		};
/* End PBXCopyFilesBuildPhase section */

/* Begin PBXFrameworksBuildPhase section */
		A10000000000000000000030 /* Frameworks */ = {
			isa = PBXFrameworksBuildPhase;
			buildActionMask = 2147483647;
			files = (
				A10000000000000000000092 /* EmojiKit in Frameworks */,
			);
			runOnlyForDeploymentPostprocessing = 0;
		};
		A20000000000000000000024 /* Frameworks */ = {
			isa = PBXFrameworksBuildPhase;
			buildActionMask = 2147483647;
			files = (
			);
			runOnlyForDeploymentPostprocessing = 0;
		};
		A3000000000000000000000D /* Frameworks */ = {
			isa = PBXFrameworksBuildPhase;
			buildActionMask = 2147483647;
			files = (
			);
			runOnlyForDeploymentPostprocessing = 0;
		};
/* End PBXFrameworksBuildPhase section */

/* Begin PBXGroup section */
		A10000000000000000000002 = {
			isa = PBXGroup;
			children = (
				A10000000000000000000003 /* HowMuch */,
				A30000000000000000000013 /* HowMuchShare */,
				A2000000000000000000002B /* HowMuchTests */,
				A10000000000000000000004 /* Products */,
			);
			sourceTree = "<group>";
		};
		A10000000000000000000003 /* HowMuch */ = {
			isa = PBXGroup;
			children = (
				A10000000000000000000010 /* HowMuchApp.swift */,
				A10000000000000000000011 /* AppModel.swift */,
				A1000000000000000000001A /* Assets.xcassets */,
				A1000000000000000000001B /* Info.plist */,
				A20000000000000000000014 /* Capture */,
				A20000000000000000000032 /* Intents */,
				A10000000000000000000005 /* Models */,
				A10000000000000000000006 /* Services */,
				A10000000000000000000007 /* Support */,
				A10000000000000000000008 /* Views */,
			);
			path = HowMuch;
			sourceTree = "<group>";
		};
		A10000000000000000000004 /* Products */ = {
			isa = PBXGroup;
			children = (
				A10000000000000000000001 /* HowMuch.app */,
				A30000000000000000000001 /* HowMuchShare.appex */,
				A20000000000000000000022 /* HowMuchTests.xctest */,
			);
			name = Products;
			sourceTree = "<group>";
		};
		A10000000000000000000005 /* Models */ = {
			isa = PBXGroup;
			children = (
				A10000000000000000000012 /* APIModels.swift */,
				A100000000000000000000A0 /* RefreshPlan.swift */,
				A100000000000000000000B0 /* ReferenceSnapshot.swift */,
				A10000000000000000000015 /* AccountGroups.swift */,
				A10000000000000000000016 /* AccountIcon.swift */,
			);
			path = Models;
			sourceTree = "<group>";
		};
		A10000000000000000000006 /* Services */ = {
			isa = PBXGroup;
			children = (
				A10000000000000000000013 /* APIClient.swift */,
			);
			path = Services;
			sourceTree = "<group>";
		};
		A10000000000000000000007 /* Support */ = {
			isa = PBXGroup;
			children = (
				A10000000000000000000014 /* Formatting.swift */,
				A10000000000000000000017 /* RegisterHorizon.swift */,
				A1000000000000000000001C /* RegisterCurrent.swift */,
				A1000000000000000000001D /* RegisterQuery.swift */,
				A200000000000000000000C0 /* RegisterApproval.swift */,
				A50000000000000000000030 /* RewardRowProjection.swift */,
				A50000000000000000000032 /* RewardDraftPeriod.swift */,
				A10000000000000000000019 /* Theme.swift */,
			);
			path = Support;
			sourceTree = "<group>";
		};
		A10000000000000000000008 /* Views */ = {
			isa = PBXGroup;
			children = (
				A10000000000000000000070 /* Components.swift */,
				A1000000000000000000007A /* Confirm.swift */,
				A1000000000000000000007B /* AccountIconPicker.swift */,
				A1000000000000000000007C /* NewAccountSheet.swift */,
				A1000000000000000000007D /* AccountIdentityFields.swift */,
				A1000000000000000000007E /* EditAccountSheet.swift */,
				A10000000000000000000071 /* AccountsView.swift */,
				A10000000000000000000072 /* RegisterView.swift */,
				A10000000000000000000077 /* CategoriesView.swift */,
				A50000000000000000000010 /* RewardsView.swift */,
				A50000000000000000000012 /* RewardsImportView.swift */,
				A50000000000000000000014 /* RewardCardEditorView.swift */,
				A10000000000000000000078 /* ScheduledTransactionsView.swift */,
				A10000000000000000000079 /* ScheduledTransactionEditorView.swift */,
				A10000000000000000000073 /* TransactionFormView.swift */,
				A40000000000000000000020 /* AddTransactionsView.swift */,
				A40000000000000000000022 /* AssistantView.swift */,
				A40000000000000000000024 /* CaptureConversationViews.swift */,
				A10000000000000000000074 /* Pickers.swift */,
				A10000000000000000000075 /* ReflectView.swift */,
				A10000000000000000000076 /* ReflectDetails.swift */,
				A10000000000000000000018 /* SettingsView.swift */,
				A60000000000000000000014 /* CaptureAISettingsView.swift */,
			);
			path = Views;
			sourceTree = "<group>";
		};
		A20000000000000000000014 /* Capture */ = {
			isa = PBXGroup;
			children = (
				A20000000000000000000010 /* CaptureRequest.swift */,
				A40000000000000000000010 /* CaptureOrigin.swift */,
				A40000000000000000000012 /* CaptureSession.swift */,
				A80000000000000000000010 /* CaptureAssistantPresence.swift */,
				A40000000000000000000014 /* CaptureWorkspace.swift */,
				A40000000000000000000016 /* CaptureInterpreter.swift */,
				A70000000000000000000010 /* CaptureAISettings.swift */,
				A60000000000000000000012 /* CaptureAIClient.swift */,
				A60000000000000000000016 /* AIModels.json */,
				A40000000000000000000018 /* LedgerQuery.swift */,
				A20000000000000000000012 /* CaptureRouter.swift */,
				A20000000000000000000090 /* InboxStore.swift */,
				A20000000000000000000094 /* InboxReadingView.swift */,
				A20000000000000000000096 /* IntelligenceAura.swift */,
				A200000000000000000000A0 /* ScreenshotOffer.swift */,
				A20000000000000000000040 /* SlipReader.swift */,
			);
			path = Capture;
			sourceTree = "<group>";
		};
		A20000000000000000000032 /* Intents */ = {
			isa = PBXGroup;
			children = (
				A20000000000000000000030 /* IntentCatalog.swift */,
				A20000000000000000000050 /* AccountEntity.swift */,
				A20000000000000000000052 /* PayeeEntity.swift */,
				A20000000000000000000054 /* CategoryEntity.swift */,
				A20000000000000000000056 /* AddTransactionIntent.swift */,
				A20000000000000000000098 /* AddFromTextIntent.swift */,
				A2000000000000000000009A /* AddFromImageIntent.swift */,
				A20000000000000000000058 /* AppShortcuts.swift */,
			);
			path = Intents;
			sourceTree = "<group>";
		};
		A2000000000000000000002B /* HowMuchTests */ = {
			isa = PBXGroup;
			children = (
				A20000000000000000000020 /* CaptureRequestTests.swift */,
				A40000000000000000000030 /* CaptureOriginTests.swift */,
				A40000000000000000000032 /* CaptureSessionTests.swift */,
				A40000000000000000000034 /* CaptureInterpreterTests.swift */,
				A60000000000000000000018 /* CaptureAITests.swift */,
				A40000000000000000000036 /* LedgerQueryTests.swift */,
				A40000000000000000000038 /* CaptureWorkspaceTests.swift */,
				A4000000000000000000003A /* CaptureSnapshotTests.swift */,
				A4000000000000000000003C /* CaptureConversationTests.swift */,
				A80000000000000000000012 /* CaptureAssistantPresenceTests.swift */,
				A20000000000000000000033 /* IntentCatalogTests.swift */,
				A20000000000000000000042 /* SlipReaderMappingTests.swift */,
				A2000000000000000000005A /* AddTransactionIntentTests.swift */,
				A20000000000000000000082 /* CommitManyTests.swift */,
				A20000000000000000000092 /* InboxStoreTests.swift */,
				A2000000000000000000009C /* AddFromInboxIntentTests.swift */,
				A200000000000000000000A2 /* ScreenshotOfferTests.swift */,
				A200000000000000000000B0 /* RegisterSnapshotTests.swift */,
				A200000000000000000000B2 /* RegisterQueryTests.swift */,
				A200000000000000000000C2 /* RegisterApprovalTests.swift */,
				A200000000000000000000C4 /* APISettingsTests.swift */,
				A50000000000000000000020 /* RewardsReportTests.swift */,
				A50000000000000000000022 /* RewardCardEditorTests.swift */,
				A50000000000000000000024 /* RewardDraftPeriodTests.swift */,
				A60000000000000000000010 /* IPadLayoutTests.swift */,
				A200000000000000000000D0 /* LaunchRefreshTests.swift */,
				A200000000000000000000E0 /* NarrowRefreshTests.swift */,
				A200000000000000000000E2 /* RefreshPlanTests.swift */,
				A200000000000000000000F0 /* ReferenceSnapshotTests.swift */,
				A200000000000000000000F2 /* SplitMirrorDeleteTests.swift */,
				A200000000000000000000F4 /* AccountGroupOrderTests.swift */,
			);
			path = HowMuchTests;
			sourceTree = "<group>";
		};
		A30000000000000000000013 /* HowMuchShare */ = {
			isa = PBXGroup;
			children = (
				A30000000000000000000002 /* ShareViewController.swift */,
				A30000000000000000000004 /* Info.plist */,
				A30000000000000000000005 /* HowMuchShare.entitlements */,
			);
			path = HowMuchShare;
			sourceTree = "<group>";
		};
/* End PBXGroup section */

/* Begin PBXNativeTarget section */
		A10000000000000000000009 /* HowMuch */ = {
			isa = PBXNativeTarget;
			buildConfigurationList = A10000000000000000000050 /* Build configuration list for PBXNativeTarget "HowMuch" */;
			buildPhases = (
				A10000000000000000000031 /* Sources */,
				A10000000000000000000030 /* Frameworks */,
				A10000000000000000000032 /* Resources */,
				A3000000000000000000000A /* Embed App Extensions */,
			);
			buildRules = (
			);
			dependencies = (
				A30000000000000000000009 /* PBXTargetDependency */,
			);
			name = HowMuch;
			packageProductDependencies = (
				A10000000000000000000091 /* EmojiKit */,
			);
			productName = HowMuch;
			productReference = A10000000000000000000001 /* HowMuch.app */;
			productType = "com.apple.product-type.application";
		};
		A20000000000000000000025 /* HowMuchTests */ = {
			isa = PBXNativeTarget;
			buildConfigurationList = A20000000000000000000026 /* Build configuration list for PBXNativeTarget "HowMuchTests" */;
			buildPhases = (
				A20000000000000000000023 /* Sources */,
				A20000000000000000000024 /* Frameworks */,
			);
			buildRules = (
			);
			dependencies = (
				A2000000000000000000002A /* PBXTargetDependency */,
			);
			name = HowMuchTests;
			productName = HowMuchTests;
			productReference = A20000000000000000000022 /* HowMuchTests.xctest */;
			productType = "com.apple.product-type.bundle.unit-test";
		};
		A30000000000000000000007 /* HowMuchShare */ = {
			isa = PBXNativeTarget;
			buildConfigurationList = A30000000000000000000012 /* Build configuration list for PBXNativeTarget "HowMuchShare" */;
			buildPhases = (
				A3000000000000000000000C /* Sources */,
				A3000000000000000000000D /* Frameworks */,
				A3000000000000000000000E /* Resources */,
			);
			buildRules = (
			);
			dependencies = (
			);
			name = HowMuchShare;
			productName = HowMuchShare;
			productReference = A30000000000000000000001 /* HowMuchShare.appex */;
			productType = "com.apple.product-type.app-extension";
		};
/* End PBXNativeTarget section */

/* Begin PBXProject section */
		A1000000000000000000000A /* Project object */ = {
			isa = PBXProject;
			attributes = {
				BuildIndependentTargetsInParallel = 1;
				LastSwiftUpdateCheck = 1600;
				LastUpgradeCheck = 1600;
				TargetAttributes = {
					A10000000000000000000009 = {
						CreatedOnToolsVersion = 16.0;
					};
					A20000000000000000000025 = {
						CreatedOnToolsVersion = 16.0;
						TestTargetID = A10000000000000000000009;
					};
					A30000000000000000000007 = {
						CreatedOnToolsVersion = 16.0;
					};
				};
			};
			buildConfigurationList = A10000000000000000000040 /* Build configuration list for PBXProject "HowMuch" */;
			compatibilityVersion = "Xcode 15.0";
			developmentRegion = en;
			hasScannedForEncodings = 0;
			knownRegions = (
				en,
				Base,
			);
			mainGroup = A10000000000000000000002;
			packageReferences = (
				A10000000000000000000090 /* XCRemoteSwiftPackageReference "EmojiKit" */,
			);
			productRefGroup = A10000000000000000000004 /* Products */;
			projectDirPath = "";
			projectRoot = "";
			targets = (
				A10000000000000000000009 /* HowMuch */,
				A30000000000000000000007 /* HowMuchShare */,
				A20000000000000000000025 /* HowMuchTests */,
			);
		};
/* End PBXProject section */

/* Begin PBXResourcesBuildPhase section */
		A10000000000000000000032 /* Resources */ = {
			isa = PBXResourcesBuildPhase;
			buildActionMask = 2147483647;
			files = (
				A1000000000000000000002A /* Assets.xcassets in Resources */,
				A60000000000000000000017 /* AIModels.json in Resources */,
			);
			runOnlyForDeploymentPostprocessing = 0;
		};
		A3000000000000000000000E /* Resources */ = {
			isa = PBXResourcesBuildPhase;
			buildActionMask = 2147483647;
			files = (
			);
			runOnlyForDeploymentPostprocessing = 0;
		};
/* End PBXResourcesBuildPhase section */

/* Begin PBXSourcesBuildPhase section */
		A10000000000000000000031 /* Sources */ = {
			isa = PBXSourcesBuildPhase;
			buildActionMask = 2147483647;
			files = (
				A10000000000000000000021 /* AppModel.swift in Sources */,
				A10000000000000000000022 /* APIModels.swift in Sources */,
				A100000000000000000000A1 /* RefreshPlan.swift in Sources */,
				A100000000000000000000B1 /* ReferenceSnapshot.swift in Sources */,
				A10000000000000000000025 /* AccountGroups.swift in Sources */,
				A10000000000000000000026 /* AccountIcon.swift in Sources */,
				A10000000000000000000023 /* APIClient.swift in Sources */,
				A10000000000000000000024 /* Formatting.swift in Sources */,
				A10000000000000000000027 /* RegisterHorizon.swift in Sources */,
				A1000000000000000000002C /* RegisterCurrent.swift in Sources */,
				A1000000000000000000002D /* RegisterQuery.swift in Sources */,
				A200000000000000000000C1 /* RegisterApproval.swift in Sources */,
				A10000000000000000000029 /* Theme.swift in Sources */,
				A50000000000000000000031 /* RewardRowProjection.swift in Sources */,
				A50000000000000000000033 /* RewardDraftPeriod.swift in Sources */,
				A10000000000000000000060 /* Components.swift in Sources */,
				A1000000000000000000006A /* Confirm.swift in Sources */,
				A1000000000000000000006B /* AccountIconPicker.swift in Sources */,
				A1000000000000000000006C /* NewAccountSheet.swift in Sources */,
				A1000000000000000000006D /* AccountIdentityFields.swift in Sources */,
				A1000000000000000000006E /* EditAccountSheet.swift in Sources */,
				A10000000000000000000061 /* AccountsView.swift in Sources */,
				A10000000000000000000062 /* RegisterView.swift in Sources */,
				A10000000000000000000063 /* TransactionFormView.swift in Sources */,
				A10000000000000000000064 /* Pickers.swift in Sources */,
				A10000000000000000000065 /* ReflectView.swift in Sources */,
				A10000000000000000000066 /* ReflectDetails.swift in Sources */,
				A10000000000000000000067 /* CategoriesView.swift in Sources */,
				A50000000000000000000011 /* RewardsView.swift in Sources */,
				A50000000000000000000013 /* RewardsImportView.swift in Sources */,
				A50000000000000000000015 /* RewardCardEditorView.swift in Sources */,
				A10000000000000000000068 /* ScheduledTransactionsView.swift in Sources */,
				A10000000000000000000069 /* ScheduledTransactionEditorView.swift in Sources */,
				A10000000000000000000028 /* SettingsView.swift in Sources */,
				A10000000000000000000020 /* HowMuchApp.swift in Sources */,
				A20000000000000000000011 /* CaptureRequest.swift in Sources */,
				A40000000000000000000011 /* CaptureOrigin.swift in Sources */,
				A40000000000000000000013 /* CaptureSession.swift in Sources */,
				A80000000000000000000011 /* CaptureAssistantPresence.swift in Sources */,
				A40000000000000000000015 /* CaptureWorkspace.swift in Sources */,
				A40000000000000000000017 /* CaptureInterpreter.swift in Sources */,
				A70000000000000000000011 /* CaptureAISettings.swift in Sources */,
				A60000000000000000000013 /* CaptureAIClient.swift in Sources */,
				A60000000000000000000015 /* CaptureAISettingsView.swift in Sources */,
				A40000000000000000000019 /* LedgerQuery.swift in Sources */,
				A20000000000000000000013 /* CaptureRouter.swift in Sources */,
				A40000000000000000000021 /* AddTransactionsView.swift in Sources */,
				A40000000000000000000023 /* AssistantView.swift in Sources */,
				A40000000000000000000025 /* CaptureConversationViews.swift in Sources */,
				A20000000000000000000031 /* IntentCatalog.swift in Sources */,
				A20000000000000000000041 /* SlipReader.swift in Sources */,
				A20000000000000000000051 /* AccountEntity.swift in Sources */,
				A20000000000000000000053 /* PayeeEntity.swift in Sources */,
				A20000000000000000000055 /* CategoryEntity.swift in Sources */,
				A20000000000000000000057 /* AddTransactionIntent.swift in Sources */,
				A20000000000000000000099 /* AddFromTextIntent.swift in Sources */,
				A2000000000000000000009B /* AddFromImageIntent.swift in Sources */,
				A20000000000000000000059 /* AppShortcuts.swift in Sources */,
				A20000000000000000000091 /* InboxStore.swift in Sources */,
				A20000000000000000000095 /* InboxReadingView.swift in Sources */,
				A20000000000000000000097 /* IntelligenceAura.swift in Sources */,
				A200000000000000000000A1 /* ScreenshotOffer.swift in Sources */,
			);
			runOnlyForDeploymentPostprocessing = 0;
		};
		A20000000000000000000023 /* Sources */ = {
			isa = PBXSourcesBuildPhase;
			buildActionMask = 2147483647;
			files = (
				A20000000000000000000021 /* CaptureRequestTests.swift in Sources */,
				A40000000000000000000031 /* CaptureOriginTests.swift in Sources */,
				A40000000000000000000033 /* CaptureSessionTests.swift in Sources */,
				A40000000000000000000035 /* CaptureInterpreterTests.swift in Sources */,
				A60000000000000000000019 /* CaptureAITests.swift in Sources */,
				A40000000000000000000037 /* LedgerQueryTests.swift in Sources */,
				A40000000000000000000039 /* CaptureWorkspaceTests.swift in Sources */,
				A4000000000000000000003B /* CaptureSnapshotTests.swift in Sources */,
				A4000000000000000000003D /* CaptureConversationTests.swift in Sources */,
				A80000000000000000000013 /* CaptureAssistantPresenceTests.swift in Sources */,
				A20000000000000000000034 /* IntentCatalogTests.swift in Sources */,
				A20000000000000000000043 /* SlipReaderMappingTests.swift in Sources */,
				A2000000000000000000005B /* AddTransactionIntentTests.swift in Sources */,
				A20000000000000000000083 /* CommitManyTests.swift in Sources */,
				A20000000000000000000093 /* InboxStoreTests.swift in Sources */,
				A2000000000000000000009D /* AddFromInboxIntentTests.swift in Sources */,
				A200000000000000000000A3 /* ScreenshotOfferTests.swift in Sources */,
				A200000000000000000000B1 /* RegisterSnapshotTests.swift in Sources */,
				A200000000000000000000B3 /* RegisterQueryTests.swift in Sources */,
				A200000000000000000000C3 /* RegisterApprovalTests.swift in Sources */,
				A200000000000000000000C5 /* APISettingsTests.swift in Sources */,
				A50000000000000000000021 /* RewardsReportTests.swift in Sources */,
				A50000000000000000000023 /* RewardCardEditorTests.swift in Sources */,
				A50000000000000000000025 /* RewardDraftPeriodTests.swift in Sources */,
				A60000000000000000000011 /* IPadLayoutTests.swift in Sources */,
				A200000000000000000000D1 /* LaunchRefreshTests.swift in Sources */,
				A200000000000000000000E1 /* NarrowRefreshTests.swift in Sources */,
				A200000000000000000000E3 /* RefreshPlanTests.swift in Sources */,
				A200000000000000000000F1 /* ReferenceSnapshotTests.swift in Sources */,
				A200000000000000000000F3 /* SplitMirrorDeleteTests.swift in Sources */,
				A200000000000000000000F5 /* AccountGroupOrderTests.swift in Sources */,
			);
			runOnlyForDeploymentPostprocessing = 0;
		};
		A3000000000000000000000C /* Sources */ = {
			isa = PBXSourcesBuildPhase;
			buildActionMask = 2147483647;
			files = (
				A30000000000000000000003 /* ShareViewController.swift in Sources */,
				A30000000000000000000006 /* InboxStore.swift in Sources */,
			);
			runOnlyForDeploymentPostprocessing = 0;
		};
/* End PBXSourcesBuildPhase section */

/* Begin PBXTargetDependency section */
		A2000000000000000000002A /* PBXTargetDependency */ = {
			isa = PBXTargetDependency;
			target = A10000000000000000000009 /* HowMuch */;
			targetProxy = A20000000000000000000029 /* PBXContainerItemProxy */;
		};
		A30000000000000000000009 /* PBXTargetDependency */ = {
			isa = PBXTargetDependency;
			target = A30000000000000000000007 /* HowMuchShare */;
			targetProxy = A30000000000000000000008 /* PBXContainerItemProxy */;
		};
/* End PBXTargetDependency section */

/* Begin XCBuildConfiguration section */
		A10000000000000000000041 /* Debug */ = {
			isa = XCBuildConfiguration;
			buildSettings = {
				ALWAYS_SEARCH_USER_PATHS = NO;
				CLANG_ENABLE_MODULES = YES;
				COPY_PHASE_STRIP = NO;
				DEBUG_INFORMATION_FORMAT = dwarf;
				ENABLE_STRICT_OBJC_MSGSEND = YES;
				GCC_C_LANGUAGE_STANDARD = gnu17;
				GCC_NO_COMMON_BLOCKS = YES;
				GCC_WARN_UNDECLARED_SELECTOR = YES;
				GCC_WARN_UNINITIALIZED_AUTOS = YES_AGGRESSIVE;
				GCC_WARN_UNUSED_FUNCTION = YES;
				GCC_WARN_UNUSED_VARIABLE = YES;
				"EXCLUDED_ARCHS[sdk=iphonesimulator*]" = x86_64;
				IPHONEOS_DEPLOYMENT_TARGET = 26.0;
				SDKROOT = iphoneos;
				SWIFT_ACTIVE_COMPILATION_CONDITIONS = "DEBUG $(inherited)";
				SWIFT_ENABLE_TESTABILITY = YES;
				ENABLE_TESTABILITY = YES;
				SWIFT_VERSION = 5.0;
			};
			name = Debug;
		};
		A10000000000000000000042 /* Release */ = {
			isa = XCBuildConfiguration;
			buildSettings = {
				ALWAYS_SEARCH_USER_PATHS = NO;
				CLANG_ENABLE_MODULES = YES;
				COPY_PHASE_STRIP = NO;
				DEBUG_INFORMATION_FORMAT = "dwarf-with-dsym";
				ENABLE_NS_ASSERTIONS = NO;
				ENABLE_STRICT_OBJC_MSGSEND = YES;
				GCC_C_LANGUAGE_STANDARD = gnu17;
				GCC_NO_COMMON_BLOCKS = YES;
				GCC_WARN_UNDECLARED_SELECTOR = YES;
				GCC_WARN_UNINITIALIZED_AUTOS = YES_AGGRESSIVE;
				GCC_WARN_UNUSED_FUNCTION = YES;
				GCC_WARN_UNUSED_VARIABLE = YES;
				"EXCLUDED_ARCHS[sdk=iphonesimulator*]" = x86_64;
				IPHONEOS_DEPLOYMENT_TARGET = 26.0;
				SDKROOT = iphoneos;
				SWIFT_COMPILATION_MODE = wholemodule;
				SWIFT_OPTIMIZATION_LEVEL = "-O";
				SWIFT_VERSION = 5.0;
			};
			name = Release;
		};
		A10000000000000000000051 /* Debug */ = {
			isa = XCBuildConfiguration;
			buildSettings = {
				ASSETCATALOG_COMPILER_APPICON_NAME = AppIcon;
				ASSETCATALOG_COMPILER_GLOBAL_ACCENT_COLOR_NAME = AccentColor;
				CODE_SIGN_STYLE = Automatic;
				CODE_SIGN_ENTITLEMENTS = HowMuch/HowMuch.entitlements;
				CURRENT_PROJECT_VERSION = 8;
				DEVELOPMENT_TEAM = PQ6U5ESLN2;
				DEVELOPMENT_ASSET_PATHS = "\"\"";
				GENERATE_INFOPLIST_FILE = YES;
				INFOPLIST_FILE = HowMuch/Info.plist;
				INFOPLIST_KEY_CFBundleDisplayName = HowMuch;
				INFOPLIST_KEY_UIApplicationSceneManifest_Generation = YES;
				INFOPLIST_KEY_UIApplicationSupportsIndirectInputEvents = YES;
				INFOPLIST_KEY_UILaunchScreen_Generation = YES;
				IPHONEOS_DEPLOYMENT_TARGET = 26.0;
				LD_RUNPATH_SEARCH_PATHS = (
					"$(inherited)",
					"@executable_path/Frameworks",
				);
				MARKETING_VERSION = 0.1.0;
				PRODUCT_BUNDLE_IDENTIFIER = sg.soon.howmuch;
				PRODUCT_NAME = "$(TARGET_NAME)";
				SUPPORTED_PLATFORMS = "iphoneos iphonesimulator";
				SWIFT_EMIT_LOC_STRINGS = YES;
				SWIFT_VERSION = 5.0;
				TARGETED_DEVICE_FAMILY = "1,2";
			};
			name = Debug;
		};
		A10000000000000000000052 /* Release */ = {
			isa = XCBuildConfiguration;
			buildSettings = {
				ASSETCATALOG_COMPILER_APPICON_NAME = AppIcon;
				ASSETCATALOG_COMPILER_GLOBAL_ACCENT_COLOR_NAME = AccentColor;
				CODE_SIGN_STYLE = Automatic;
				CODE_SIGN_ENTITLEMENTS = HowMuch/HowMuch.entitlements;
				CURRENT_PROJECT_VERSION = 8;
				DEVELOPMENT_TEAM = PQ6U5ESLN2;
				DEVELOPMENT_ASSET_PATHS = "\"\"";
				GENERATE_INFOPLIST_FILE = YES;
				INFOPLIST_FILE = HowMuch/Info.plist;
				INFOPLIST_KEY_CFBundleDisplayName = HowMuch;
				INFOPLIST_KEY_UIApplicationSceneManifest_Generation = YES;
				INFOPLIST_KEY_UIApplicationSupportsIndirectInputEvents = YES;
				INFOPLIST_KEY_UILaunchScreen_Generation = YES;
				IPHONEOS_DEPLOYMENT_TARGET = 26.0;
				LD_RUNPATH_SEARCH_PATHS = (
					"$(inherited)",
					"@executable_path/Frameworks",
				);
				MARKETING_VERSION = 0.1.0;
				PRODUCT_BUNDLE_IDENTIFIER = sg.soon.howmuch;
				PRODUCT_NAME = "$(TARGET_NAME)";
				SUPPORTED_PLATFORMS = "iphoneos iphonesimulator";
				SWIFT_EMIT_LOC_STRINGS = YES;
				SWIFT_OPTIMIZATION_LEVEL = "-O";
				SWIFT_VERSION = 5.0;
				TARGETED_DEVICE_FAMILY = "1,2";
			};
			name = Release;
		};
		A20000000000000000000027 /* Debug */ = {
			isa = XCBuildConfiguration;
			buildSettings = {
				BUNDLE_LOADER = "$(TEST_HOST)";
				CODE_SIGN_STYLE = Automatic;
				CURRENT_PROJECT_VERSION = 8;
				DEVELOPMENT_TEAM = PQ6U5ESLN2;
				GENERATE_INFOPLIST_FILE = YES;
				IPHONEOS_DEPLOYMENT_TARGET = 26.0;
				LD_RUNPATH_SEARCH_PATHS = (
					"$(inherited)",
					"@executable_path/Frameworks",
					"@loader_path/Frameworks",
				);
				MARKETING_VERSION = 0.1.0;
				PRODUCT_BUNDLE_IDENTIFIER = sg.soon.howmuch.tests;
				PRODUCT_NAME = "$(TARGET_NAME)";
				SUPPORTED_PLATFORMS = "iphoneos iphonesimulator";
				SWIFT_EMIT_LOC_STRINGS = NO;
				SWIFT_VERSION = 5.0;
				TARGETED_DEVICE_FAMILY = "1,2";
				TEST_HOST = "$(BUILT_PRODUCTS_DIR)/HowMuch.app/$(BUNDLE_EXECUTABLE_FOLDER_PATH)/HowMuch";
			};
			name = Debug;
		};
		A20000000000000000000028 /* Release */ = {
			isa = XCBuildConfiguration;
			buildSettings = {
				BUNDLE_LOADER = "$(TEST_HOST)";
				CODE_SIGN_STYLE = Automatic;
				CURRENT_PROJECT_VERSION = 8;
				DEVELOPMENT_TEAM = PQ6U5ESLN2;
				GENERATE_INFOPLIST_FILE = YES;
				IPHONEOS_DEPLOYMENT_TARGET = 26.0;
				LD_RUNPATH_SEARCH_PATHS = (
					"$(inherited)",
					"@executable_path/Frameworks",
					"@loader_path/Frameworks",
				);
				MARKETING_VERSION = 0.1.0;
				PRODUCT_BUNDLE_IDENTIFIER = sg.soon.howmuch.tests;
				PRODUCT_NAME = "$(TARGET_NAME)";
				SUPPORTED_PLATFORMS = "iphoneos iphonesimulator";
				SWIFT_EMIT_LOC_STRINGS = NO;
				SWIFT_VERSION = 5.0;
				TARGETED_DEVICE_FAMILY = "1,2";
				TEST_HOST = "$(BUILT_PRODUCTS_DIR)/HowMuch.app/$(BUNDLE_EXECUTABLE_FOLDER_PATH)/HowMuch";
			};
			name = Release;
		};
		A30000000000000000000010 /* Debug */ = {
			isa = XCBuildConfiguration;
			buildSettings = {
				CODE_SIGN_ENTITLEMENTS = HowMuchShare/HowMuchShare.entitlements;
				CODE_SIGN_STYLE = Automatic;
				CURRENT_PROJECT_VERSION = 8;
				DEVELOPMENT_TEAM = PQ6U5ESLN2;
				GENERATE_INFOPLIST_FILE = YES;
				INFOPLIST_FILE = HowMuchShare/Info.plist;
				INFOPLIST_KEY_CFBundleDisplayName = HowMuch;
				IPHONEOS_DEPLOYMENT_TARGET = 26.0;
				LD_RUNPATH_SEARCH_PATHS = (
					"$(inherited)",
					"@executable_path/Frameworks",
					"@executable_path/../../Frameworks",
				);
				MARKETING_VERSION = 0.1.0;
				PRODUCT_BUNDLE_IDENTIFIER = sg.soon.howmuch.share;
				PRODUCT_NAME = "$(TARGET_NAME)";
				SKIP_INSTALL = YES;
				SUPPORTED_PLATFORMS = "iphoneos iphonesimulator";
				SWIFT_EMIT_LOC_STRINGS = YES;
				SWIFT_VERSION = 5.0;
				TARGETED_DEVICE_FAMILY = "1,2";
			};
			name = Debug;
		};
		A30000000000000000000011 /* Release */ = {
			isa = XCBuildConfiguration;
			buildSettings = {
				CODE_SIGN_ENTITLEMENTS = HowMuchShare/HowMuchShare.entitlements;
				CODE_SIGN_STYLE = Automatic;
				CURRENT_PROJECT_VERSION = 8;
				DEVELOPMENT_TEAM = PQ6U5ESLN2;
				GENERATE_INFOPLIST_FILE = YES;
				INFOPLIST_FILE = HowMuchShare/Info.plist;
				INFOPLIST_KEY_CFBundleDisplayName = HowMuch;
				IPHONEOS_DEPLOYMENT_TARGET = 26.0;
				LD_RUNPATH_SEARCH_PATHS = (
					"$(inherited)",
					"@executable_path/Frameworks",
					"@executable_path/../../Frameworks",
				);
				MARKETING_VERSION = 0.1.0;
				PRODUCT_BUNDLE_IDENTIFIER = sg.soon.howmuch.share;
				PRODUCT_NAME = "$(TARGET_NAME)";
				SKIP_INSTALL = YES;
				SUPPORTED_PLATFORMS = "iphoneos iphonesimulator";
				SWIFT_EMIT_LOC_STRINGS = YES;
				SWIFT_OPTIMIZATION_LEVEL = "-O";
				SWIFT_VERSION = 5.0;
				TARGETED_DEVICE_FAMILY = "1,2";
			};
			name = Release;
		};
/* End XCBuildConfiguration section */

/* Begin XCConfigurationList section */
		A10000000000000000000040 /* Build configuration list for PBXProject "HowMuch" */ = {
			isa = XCConfigurationList;
			buildConfigurations = (
				A10000000000000000000041 /* Debug */,
				A10000000000000000000042 /* Release */,
			);
			defaultConfigurationIsVisible = 0;
			defaultConfigurationName = Release;
		};
		A10000000000000000000050 /* Build configuration list for PBXNativeTarget "HowMuch" */ = {
			isa = XCConfigurationList;
			buildConfigurations = (
				A10000000000000000000051 /* Debug */,
				A10000000000000000000052 /* Release */,
			);
			defaultConfigurationIsVisible = 0;
			defaultConfigurationName = Release;
		};
		A20000000000000000000026 /* Build configuration list for PBXNativeTarget "HowMuchTests" */ = {
			isa = XCConfigurationList;
			buildConfigurations = (
				A20000000000000000000027 /* Debug */,
				A20000000000000000000028 /* Release */,
			);
			defaultConfigurationIsVisible = 0;
			defaultConfigurationName = Release;
		};
		A30000000000000000000012 /* Build configuration list for PBXNativeTarget "HowMuchShare" */ = {
			isa = XCConfigurationList;
			buildConfigurations = (
				A30000000000000000000010 /* Debug */,
				A30000000000000000000011 /* Release */,
			);
			defaultConfigurationIsVisible = 0;
			defaultConfigurationName = Release;
		};
/* End XCConfigurationList section */

/* Begin XCRemoteSwiftPackageReference section */
		A10000000000000000000090 /* XCRemoteSwiftPackageReference "EmojiKit" */ = {
			isa = XCRemoteSwiftPackageReference;
			repositoryURL = "https://github.com/danielsaidi/EmojiKit.git";
			requirement = {
				kind = upToNextMajorVersion;
				minimumVersion = 3.0.1;
			};
		};
/* End XCRemoteSwiftPackageReference section */

/* Begin XCSwiftPackageProductDependency section */
		A10000000000000000000091 /* EmojiKit */ = {
			isa = XCSwiftPackageProductDependency;
			package = A10000000000000000000090 /* XCRemoteSwiftPackageReference "EmojiKit" */;
			productName = EmojiKit;
		};
/* End XCSwiftPackageProductDependency section */
	};
	rootObject = A1000000000000000000000A /* Project object */;
}
